
Microsoft Visual Studio Solution File, Format Version 12.00
# Visual Studio Version 16
VisualStudioVersion = 16.0.31613.86
MinimumVisualStudioVersion = 10.0.40219.1
Project("{FAE04EC0-301F-11D3-BF4B-00C04F79EFBC}") = "TicTacToe", "TicTacToe\TicTacToe.csproj", "{B0940C75-ADA5-48B8-AB1D-838791A7EDDC}"
EndProject
Global
	GlobalSection(SolutionConfigurationPlatforms) = preSolution
		Debug|Any CPU = Debug|Any CPU
		Release|Any CPU = Release|Any CPU
	EndGlobalSection
	GlobalSection(ProjectConfigurationPlatforms) = postSolution
		{B0940C75-ADA5-48B8-AB1D-838791A7EDDC}.Debug|Any CPU.ActiveCfg = Debug|Any CPU
		{B0940C75-ADA5-48B8-AB1D-838791A7EDDC}.Debug|Any CPU.Build.0 = Debug|Any CPU
		{B0940C75-ADA5-48B8-AB1D-838791A7EDDC}.Release|Any CPU.ActiveCfg = Release|Any CPU
		{B0940C75-ADA5-48B8-AB1D-838791A7EDDC}.Release|Any CPU.Build.0 = Release|Any CPU
	EndGlobalSection
	GlobalSection(SolutionProperties) = preSolution
		HideSolutionNode = FALSE
	EndGlobalSection
	GlobalSection(ExtensibilityGlobals) = postSolution
		SolutionGuid = {15C5EB22-0F6B-4570-9FFA-80F4C66665B5}
	EndGlobalSection
EndGlobal
